// !$*UTF8*$!
{
	archiveVersion = 1;
	classes = {
	};
	objectVersion = 55;
	objects = {

/* Begin PBXBuildFile section */
		A20E5C4729DCB67B00BAE938 /* AppDelegate.swift in Sources */ = {isa = PBXBuildFile; fileRef = A20E5C4629DCB67B00BAE938 /* AppDelegate.swift */; };
		A20E5C4929DCB67B00BAE938 /* SceneDelegate.swift in Sources */ = {isa = PBXBuildFile; fileRef = A20E5C4829DCB67B00BAE938 /* SceneDelegate.swift */; };
		A20E5C4B29DCB67B00BAE938 /* ViewController.swift in Sources */ = {isa = PBXBuildFile; fileRef = A20E5C4A29DCB67B00BAE938 /* ViewController.swift */; };
		A20E5C4E29DCB67B00BAE938 /* Main.storyboard in Resources */ = {isa = PBXBuildFile; fileRef = A20E5C4C29DCB67B00BAE938 /* Main.storyboard */; };
		A20E5C5129DCB67B00BAE938 /* OpenWeatherAPIs.xcdatamodeld in Sources */ = {isa = PBXBuildFile; fileRef = A20E5C4F29DCB67B00BAE938 /* OpenWeatherAPIs.xcdatamodeld */; };
		A20E5C5329DCB69800BAE938 /* Assets.xcassets in Resources */ = {isa = PBXBuildFile; fileRef = A20E5C5229DCB69800BAE938 /* Assets.xcassets */; };
		A20E5C5629DCB69800BAE938 /* LaunchScreen.storyboard in Resources */ = {isa = PBXBuildFile; fileRef = A20E5C5429DCB69800BAE938 /* LaunchScreen.storyboard */; };
		A20E5C6129DCB69A00BAE938 /* OpenWeatherAPIsTests.swift in Sources */ = {isa = PBXBuildFile; fileRef = A20E5C6029DCB69A00BAE938 /* OpenWeatherAPIsTests.swift */; };
		A20E5C6B29DCB69A00BAE938 /* OpenWeatherAPIsUITests.swift in Sources */ = {isa = PBXBuildFile; fileRef = A20E5C6A29DCB69A00BAE938 /* OpenWeatherAPIsUITests.swift */; };
		A20E5C6D29DCB69A00BAE938 /* OpenWeatherAPIsUITestsLaunchTests.swift in Sources */ = {isa = PBXBuildFile; fileRef = A20E5C6C29DCB69A00BAE938 /* OpenWeatherAPIsUITestsLaunchTests.swift */; };
/* End PBXBuildFile section */

/* Begin PBXContainerItemProxy section */
		A20E5C5D29DCB69A00BAE938 /* PBXContainerItemProxy */ = {
			isa = PBXContainerItemProxy;
			containerPortal = A20E5C3B29DCB67B00BAE938 /* Project object */;
			proxyType = 1;
			remoteGlobalIDString = A20E5C4229DCB67B00BAE938;
			remoteInfo = OpenWeatherAPIs;
		};
		A20E5C6729DCB69A00BAE938 /* PBXContainerItemProxy */ = {
			isa = PBXContainerItemProxy;
			containerPortal = A20E5C3B29DCB67B00BAE938 /* Project object */;
			proxyType = 1;
			remoteGlobalIDString = A20E5C4229DCB67B00BAE938;
			remoteInfo = OpenWeatherAPIs;
		};
/* End PBXContainerItemProxy section */

/* Begin PBXFileReference section */
		A20E5C4329DCB67B00BAE938 /* OpenWeatherAPIs.app */ = {isa = PBXFileReference; explicitFileType = wrapper.application; includeInIndex = 0; path = OpenWeatherAPIs.app; sourceTree = BUILT_PRODUCTS_DIR; };
		A20E5C4629DCB67B00BAE938 /* AppDelegate.swift */ = {isa = PBXFileReference; lastKnownFileType = sourcecode.swift; path = AppDelegate.swift; sourceTree = "<group>"; };
		A20E5C4829DCB67B00BAE938 /* SceneDelegate.swift */ = {isa = PBXFileReference; lastKnownFileType = sourcecode.swift; path = SceneDelegate.swift; sourceTree = "<group>"; };
		A20E5C4A29DCB67B00BAE938 /* ViewController.swift */ = {isa = PBXFileReference; lastKnownFileType = sourcecode.swift; path = ViewController.swift; sourceTree = "<group>"; };
		A20E5C4D29DCB67B00BAE938 /* Base */ = {isa = PBXFileReference; lastKnownFileType = file.storyboard; name = Base; path = Base.lproj/Main.storyboard; sourceTree = "<group>"; };
		A20E5C5029DCB67B00BAE938 /* OpenWeatherAPIs.xcdatamodel */ = {isa = PBXFileReference; lastKnownFileType = wrapper.xcdatamodel; path = OpenWeatherAPIs.xcdatamodel; sourceTree = "<group>"; };
		A20E5C5229DCB69800BAE938 /* Assets.xcassets */ = {isa = PBXFileReference; lastKnownFileType = folder.assetcatalog; path = Assets.xcassets; sourceTree = "<group>"; };
		A20E5C5529DCB69800BAE938 /* Base */ = {isa = PBXFileReference; lastKnownFileType = file.storyboard; name = Base; path = Base.lproj/LaunchScreen.storyboard; sourceTree = "<group>"; };
		A20E5C5729DCB69800BAE938 /* Info.plist */ = {isa = PBXFileReference; lastKnownFileType = text.plist.xml; path = Info.plist; sourceTree = "<group>"; };
		A20E5C5C29DCB69A00BAE938 /* OpenWeatherAPIsTests.xctest */ = {isa = PBXFileReference; explicitFileType = wrapper.cfbundle; includeInIndex = 0; path = OpenWeatherAPIsTests.xctest; sourceTree = BUILT_PRODUCTS_DIR; };
		A20E5C6029DCB69A00BAE938 /* OpenWeatherAPIsTests.swift */ = {isa = PBXFileReference; lastKnownFileType = sourcecode.swift; path = OpenWeatherAPIsTests.swift; sourceTree = "<group>"; };
		A20E5C6629DCB69A00BAE938 /* OpenWeatherAPIsUITests.xctest */ = {isa = PBXFileReference; explicitFileType = wrapper.cfbundle; includeInIndex = 0; path = OpenWeatherAPIsUITests.xctest; sourceTree = BUILT_PRODUCTS_DIR; };
		A20E5C6A29DCB69A00BAE938 /* OpenWeatherAPIsUITests.swift */ = {isa = PBXFileReference; lastKnownFileType = sourcecode.swift; path = OpenWeatherAPIsUITests.swift; sourceTree = "<group>"; };
		A20E5C6C29DCB69A00BAE938 /* OpenWeatherAPIsUITestsLaunchTests.swift */ = {isa = PBXFileReference; lastKnownFileType = sourcecode.swift; path = OpenWeatherAPIsUITestsLaunchTests.swift; sourceTree = "<group>"; };
/* End PBXFileReference section */

/* Begin PBXFrameworksBuildPhase section */
		A20E5C4029DCB67B00BAE938 /* Frameworks */ = {
			isa = PBXFrameworksBuildPhase;
			buildActionMask = 2147483647;
			files = (
			);
			runOnlyForDeploymentPostprocessing = 0;
		};
		A20E5C5929DCB69A00BAE938 /* Frameworks */ = {
			isa = PBXFrameworksBuildPhase;
			buildActionMask = 2147483647;
			files = (
			);
			runOnlyForDeploymentPostprocessing = 0;
		};
		A20E5C6329DCB69A00BAE938 /* Frameworks */ = {
			isa = PBXFrameworksBuildPhase;
			buildActionMask = 2147483647;
			files = (
			);
			runOnlyForDeploymentPostprocessing = 0;
		};
/* End PBXFrameworksBuildPhase section */

/* Begin PBXGroup section */
		A20E5C3A29DCB67B00BAE938 = {
			isa = PBXGroup;
			children = (
				A20E5C4529DCB67B00BAE938 /* OpenWeatherAPIs */,
				A20E5C5F29DCB69A00BAE938 /* OpenWeatherAPIsTests */,
				A20E5C6929DCB69A00BAE938 /* OpenWeatherAPIsUITests */,
				A20E5C4429DCB67B00BAE938 /* Products */,
			);
			sourceTree = "<group>";
		};
		A20E5C4429DCB67B00BAE938 /* Products */ = {
			isa = PBXGroup;
			children = (
				A20E5C4329DCB67B00BAE938 /* OpenWeatherAPIs.app */,
				A20E5C5C29DCB69A00BAE938 /* OpenWeatherAPIsTests.xctest */,
				A20E5C6629DCB69A00BAE938 /* OpenWeatherAPIsUITests.xctest */,
			);
			name = Products;
			sourceTree = "<group>";
		};
		A20E5C4529DCB67B00BAE938 /* OpenWeatherAPIs */ = {
			isa = PBXGroup;
			children = (
				A20E5C4629DCB67B00BAE938 /* AppDelegate.swift */,
				A20E5C4829DCB67B00BAE938 /* SceneDelegate.swift */,
				A20E5C4A29DCB67B00BAE938 /* ViewController.swift */,
				A20E5C4C29DCB67B00BAE938 /* Main.storyboard */,
				A20E5C5229DCB69800BAE938 /* Assets.xcassets */,
				A20E5C5429DCB69800BAE938 /* LaunchScreen.storyboard */,
				A20E5C5729DCB69800BAE938 /* Info.plist */,
				A20E5C4F29DCB67B00BAE938 /* OpenWeatherAPIs.xcdatamodeld */,
			);
			path = OpenWeatherAPIs;
			sourceTree = "<group>";
		};
		A20E5C5F29DCB69A00BAE938 /* OpenWeatherAPIsTests */ = {
			isa = PBXGroup;
			children = (
				A20E5C6029DCB69A00BAE938 /* OpenWeatherAPIsTests.swift */,
			);
			path = OpenWeatherAPIsTests;
			sourceTree = "<group>";
		};
		A20E5C6929DCB69A00BAE938 /* OpenWeatherAPIsUITests */ = {
			isa = PBXGroup;
			children = (
				A20E5C6A29DCB69A00BAE938 /* OpenWeatherAPIsUITests.swift */,
				A20E5C6C29DCB69A00BAE938 /* OpenWeatherAPIsUITestsLaunchTests.swift */,
			);
			path = OpenWeatherAPIsUITests;
			sourceTree = "<group>";
		};
/* End PBXGroup section */

/* Begin PBXNativeTarget section */
		A20E5C4229DCB67B00BAE938 /* OpenWeatherAPIs */ = {
			isa = PBXNativeTarget;
			buildConfigurationList = A20E5C7029DCB69A00BAE938 /* Build configuration list for PBXNativeTarget "OpenWeatherAPIs" */;
			buildPhases = (
				A20E5C3F29DCB67B00BAE938 /* Sources */,
				A20E5C4029DCB67B00BAE938 /* Frameworks */,
				A20E5C4129DCB67B00BAE938 /* Resources */,
			);
			buildRules = (
			);
			dependencies = (
			);
			name = OpenWeatherAPIs;
			productName = OpenWeatherAPIs;
			productReference = A20E5C4329DCB67B00BAE938 /* OpenWeatherAPIs.app */;
			productType = "com.apple.product-type.application";
		};
		A20E5C5B29DCB69A00BAE938 /* OpenWeatherAPIsTests */ = {
			isa = PBXNativeTarget;
			buildConfigurationList = A20E5C7329DCB69A00BAE938 /* Build configuration list for PBXNativeTarget "OpenWeatherAPIsTests" */;
			buildPhases = (
				A20E5C5829DCB69A00BAE938 /* Sources */,
				A20E5C5929DCB69A00BAE938 /* Frameworks */,
				A20E5C5A29DCB69A00BAE938 /* Resources */,
			);
			buildRules = (
			);
			dependencies = (
				A20E5C5E29DCB69A00BAE938 /* PBXTargetDependency */,
			);
			name = OpenWeatherAPIsTests;
			productName = OpenWeatherAPIsTests;
			productReference = A20E5C5C29DCB69A00BAE938 /* OpenWeatherAPIsTests.xctest */;
			productType = "com.apple.product-type.bundle.unit-test";
		};
		A20E5C6529DCB69A00BAE938 /* OpenWeatherAPIsUITests */ = {
			isa = PBXNativeTarget;
			buildConfigurationList = A20E5C7629DCB69A00BAE938 /* Build configuration list for PBXNativeTarget "OpenWeatherAPIsUITests" */;
			buildPhases = (
				A20E5C6229DCB69A00BAE938 /* Sources */,
				A20E5C6329DCB69A00BAE938 /* Frameworks */,
				A20E5C6429DCB69A00BAE938 /* Resources */,
			);
			buildRules = (
			);
			dependencies = (
				A20E5C6829DCB69A00BAE938 /* PBXTargetDependency */,
			);
			name = OpenWeatherAPIsUITests;
			productName = OpenWeatherAPIsUITests;
			productReference = A20E5C6629DCB69A00BAE938 /* OpenWeatherAPIsUITests.xctest */;
			productType = "com.apple.product-type.bundle.ui-testing";
		};
/* End PBXNativeTarget section */

/* Begin PBXProject section */
		A20E5C3B29DCB67B00BAE938 /* Project object */ = {
			isa = PBXProject;
			attributes = {
				BuildIndependentTargetsInParallel = 1;
				LastSwiftUpdateCheck = 1340;
				LastUpgradeCheck = 1340;
				TargetAttributes = {
					A20E5C4229DCB67B00BAE938 = {
						CreatedOnToolsVersion = 13.4.1;
					};
					A20E5C5B29DCB69A00BAE938 = {
						CreatedOnToolsVersion = 13.4.1;
						TestTargetID = A20E5C4229DCB67B00BAE938;
					};
					A20E5C6529DCB69A00BAE938 = {
						CreatedOnToolsVersion = 13.4.1;
						TestTargetID = A20E5C4229DCB67B00BAE938;
					};
				};
			};
			buildConfigurationList = A20E5C3E29DCB67B00BAE938 /* Build configuration list for PBXProject "OpenWeatherAPIs" */;
			compatibilityVersion = "Xcode 13.0";
			developmentRegion = en;
			hasScannedForEncodings = 0;
			knownRegions = (
				en,
				Base,
			);
			mainGroup = A20E5C3A29DCB67B00BAE938;
			productRefGroup = A20E5C4429DCB67B00BAE938 /* Products */;
			projectDirPath = "";
			projectRoot = "";
			targets = (
				A20E5C4229DCB67B00BAE938 /* OpenWeatherAPIs */,
				A20E5C5B29DCB69A00BAE938 /* OpenWeatherAPIsTests */,
				A20E5C6529DCB69A00BAE938 /* OpenWeatherAPIsUITests */,
			);
		};
/* End PBXProject section */

/* Begin PBXResourcesBuildPhase section */
		A20E5C4129DCB67B00BAE938 /* Resources */ = {
			isa = PBXResourcesBuildPhase;
			buildActionMask = 2147483647;
			files = (
				A20E5C5629DCB69800BAE938 /* LaunchScreen.storyboard in Resources */,
				A20E5C5329DCB69800BAE938 /* Assets.xcassets in Resources */,
				A20E5C4E29DCB67B00BAE938 /* Main.storyboard in Resources */,
			);
			runOnlyForDeploymentPostprocessing = 0;
		};
		A20E5C5A29DCB69A00BAE938 /* Resources */ = {
			isa = PBXResourcesBuildPhase;
			buildActionMask = 2147483647;
			files = (
			);
			runOnlyForDeploymentPostprocessing = 0;
		};
		A20E5C6429DCB69A00BAE938 /* Resources */ = {
			isa = PBXResourcesBuildPhase;
			buildActionMask = 2147483647;
			files = (
			);
			runOnlyForDeploymentPostprocessing = 0;
		};
/* End PBXResourcesBuildPhase section */

/* Begin PBXSourcesBuildPhase section */
		A20E5C3F29DCB67B00BAE938 /* Sources */ = {
			isa = PBXSourcesBuildPhase;
			buildActionMask = 2147483647;
			files = (
				A20E5C4B29DCB67B00BAE938 /* ViewController.swift in Sources */,
				A20E5C4729DCB67B00BAE938 /* AppDelegate.swift in Sources */,
				A20E5C4929DCB67B00BAE938 /* SceneDelegate.swift in Sources */,
				A20E5C5129DCB67B00BAE938 /* OpenWeatherAPIs.xcdatamodeld in Sources */,
			);
			runOnlyForDeploymentPostprocessing = 0;
		};
		A20E5C5829DCB69A00BAE938 /* Sources */ = {
			isa = PBXSourcesBuildPhase;
			buildActionMask = 2147483647;
			files = (
				A20E5C6129DCB69A00BAE938 /* OpenWeatherAPIsTests.swift in Sources */,
			);
			runOnlyForDeploymentPostprocessing = 0;
		};
		A20E5C6229DCB69A00BAE938 /* Sources */ = {
			isa = PBXSourcesBuildPhase;
			buildActionMask = 2147483647;
			files = (
				A20E5C6D29DCB69A00BAE938 /* OpenWeatherAPIsUITestsLaunchTests.swift in Sources */,
				A20E5C6B29DCB69A00BAE938 /* OpenWeatherAPIsUITests.swift in Sources */,
			);
			runOnlyForDeploymentPostprocessing = 0;
		};
/* End PBXSourcesBuildPhase section */

/* Begin PBXTargetDependency section */
		A20E5C5E29DCB69A00BAE938 /* PBXTargetDependency */ = {
			isa = PBXTargetDependency;
			target = A20E5C4229DCB67B00BAE938 /* OpenWeatherAPIs */;
			targetProxy = A20E5C5D29DCB69A00BAE938 /* PBXContainerItemProxy */;
		};
		A20E5C6829DCB69A00BAE938 /* PBXTargetDependency */ = {
			isa = PBXTargetDependency;
			target = A20E5C4229DCB67B00BAE938 /* OpenWeatherAPIs */;
			targetProxy = A20E5C6729DCB69A00BAE938 /* PBXContainerItemProxy */;
		};
/* End PBXTargetDependency section */

/* Begin PBXVariantGroup section */
		A20E5C4C29DCB67B00BAE938 /* Main.storyboard */ = {
			isa = PBXVariantGroup;
			children = (
				A20E5C4D29DCB67B00BAE938 /* Base */,
			);
			name = Main.storyboard;
			sourceTree = "<group>";
		};
		A20E5C5429DCB69800BAE938 /* LaunchScreen.storyboard */ = {
			isa = PBXVariantGroup;
			children = (
				A20E5C5529DCB69800BAE938 /* Base */,
			);
			name = LaunchScreen.storyboard;
			sourceTree = "<group>";
		};
/* End PBXVariantGroup section */

/* Begin XCBuildConfiguration section */
		A20E5C6E29DCB69A00BAE938 /* Debug */ = {
			isa = XCBuildConfiguration;
			buildSettings = {
				ALWAYS_SEARCH_USER_PATHS = NO;
				CLANG_ANALYZER_NONNULL = YES;
				CLANG_ANALYZER_NUMBER_OBJECT_CONVERSION = YES_AGGRESSIVE;
				CLANG_CXX_LANGUAGE_STANDARD = "gnu++17";
				CLANG_ENABLE_MODULES = YES;
				CLANG_ENABLE_OBJC_ARC = YES;
				CLANG_ENABLE_OBJC_WEAK = YES;
				CLANG_WARN_BLOCK_CAPTURE_AUTORELEASING = YES;
				CLANG_WARN_BOOL_CONVERSION = YES;
				CLANG_WARN_COMMA = YES;
				CLANG_WARN_CONSTANT_CONVERSION = YES;
				CLANG_WARN_DEPRECATED_OBJC_IMPLEMENTATIONS = YES;
				CLANG_WARN_DIRECT_OBJC_ISA_USAGE = YES_ERROR;
				CLANG_WARN_DOCUMENTATION_COMMENTS = YES;
				CLANG_WARN_EMPTY_BODY = YES;
				CLANG_WARN_ENUM_CONVERSION = YES;
				CLANG_WARN_INFINITE_RECURSION = YES;
				CLANG_WARN_INT_CONVERSION = YES;
				CLANG_WARN_NON_LITERAL_NULL_CONVERSION = YES;
				CLANG_WARN_OBJC_IMPLICIT_RETAIN_SELF = YES;
				CLANG_WARN_OBJC_LITERAL_CONVERSION = YES;
				CLANG_WARN_OBJC_ROOT_CLASS = YES_ERROR;
				CLANG_WARN_QUOTED_INCLUDE_IN_FRAMEWORK_HEADER = YES;
				CLANG_WARN_RANGE_LOOP_ANALYSIS = YES;
				CLANG_WARN_STRICT_PROTOTYPES = YES;
				CLANG_WARN_SUSPICIOUS_MOVE = YES;
				CLANG_WARN_UNGUARDED_AVAILABILITY = YES_AGGRESSIVE;
				CLANG_WARN_UNREACHABLE_CODE = YES;
				CLANG_WARN__DUPLICATE_METHOD_MATCH = YES;
				COPY_PHASE_STRIP = NO;
				DEBUG_INFORMATION_FORMAT = dwarf;
				ENABLE_STRICT_OBJC_MSGSEND = YES;
				ENABLE_TESTABILITY = YES;
				GCC_C_LANGUAGE_STANDARD = gnu11;
				GCC_DYNAMIC_NO_PIC = NO;
				GCC_NO_COMMON_BLOCKS = YES;
				GCC_OPTIMIZATION_LEVEL = 0;
				GCC_PREPROCESSOR_DEFINITIONS = (
					"DEBUG=1",
					"$(inherited)",
				);
				GCC_WARN_64_TO_32_BIT_CONVERSION = YES;
				GCC_WARN_ABOUT_RETURN_TYPE = YES_ERROR;
				GCC_WARN_UNDECLARED_SELECTOR = YES;
				GCC_WARN_UNINITIALIZED_AUTOS = YES_AGGRESSIVE;
				GCC_WARN_UNUSED_FUNCTION = YES;
				GCC_WARN_UNUSED_VARIABLE = YES;
				IPHONEOS_DEPLOYMENT_TARGET = 15.5;
				MTL_ENABLE_DEBUG_INFO = INCLUDE_SOURCE;
				MTL_FAST_MATH = YES;
				ONLY_ACTIVE_ARCH = YES;
				SDKROOT = iphoneos;
				SWIFT_ACTIVE_COMPILATION_CONDITIONS = DEBUG;
				SWIFT_OPTIMIZATION_LEVEL = "-Onone";
			};
			name = Debug;
		};
		A20E5C6F29DCB69A00BAE938 /* Release */ = {
			isa = XCBuildConfiguration;
			buildSettings = {
				ALWAYS_SEARCH_USER_PATHS = NO;
				CLANG_ANALYZER_NONNULL = YES;
				CLANG_ANALYZER_NUMBER_OBJECT_CONVERSION = YES_AGGRESSIVE;
				CLANG_CXX_LANGUAGE_STANDARD = "gnu++17";
				CLANG_ENABLE_MODULES = YES;
				CLANG_ENABLE_OBJC_ARC = YES;
				CLANG_ENABLE_OBJC_WEAK = YES;
				CLANG_WARN_BLOCK_CAPTURE_AUTORELEASING = YES;
				CLANG_WARN_BOOL_CONVERSION = YES;
				CLANG_WARN_COMMA = YES;
				CLANG_WARN_CONSTANT_CONVERSION = YES;
				CLANG_WARN_DEPRECATED_OBJC_IMPLEMENTATIONS = YES;
				CLANG_WARN_DIRECT_OBJC_ISA_USAGE = YES_ERROR;
				CLANG_WARN_DOCUMENTATION_COMMENTS = YES;
				CLANG_WARN_EMPTY_BODY = YES;
				CLANG_WARN_ENUM_CONVERSION = YES;
				CLANG_WARN_INFINITE_RECURSION = YES;
				CLANG_WARN_INT_CONVERSION = YES;
				CLANG_WARN_NON_LITERAL_NULL_CONVERSION = YES;
				CLANG_WARN_OBJC_IMPLICIT_RETAIN_SELF = YES;
				CLANG_WARN_OBJC_LITERAL_CONVERSION = YES;
				CLANG_WARN_OBJC_ROOT_CLASS = YES_ERROR;
				CLANG_WARN_QUOTED_INCLUDE_IN_FRAMEWORK_HEADER = YES;
				CLANG_WARN_RANGE_LOOP_ANALYSIS = YES;
				CLANG_WARN_STRICT_PROTOTYPES = YES;
				CLANG_WARN_SUSPICIOUS_MOVE = YES;
				CLANG_WARN_UNGUARDED_AVAILABILITY = YES_AGGRESSIVE;
				CLANG_WARN_UNREACHABLE_CODE = YES;
				CLANG_WARN__DUPLICATE_METHOD_MATCH = YES;
				COPY_PHASE_STRIP = NO;
				DEBUG_INFORMATION_FORMAT = "dwarf-with-dsym";
				ENABLE_NS_ASSERTIONS = NO;
				ENABLE_STRICT_OBJC_MSGSEND = YES;
				GCC_C_LANGUAGE_STANDARD = gnu11;
				GCC_NO_COMMON_BLOCKS = YES;
				GCC_WARN_64_TO_32_BIT_CONVERSION = YES;
				GCC_WARN_ABOUT_RETURN_TYPE = YES_ERROR;
				GCC_WARN_UNDECLARED_SELECTOR = YES;
				GCC_WARN_UNINITIALIZED_AUTOS = YES_AGGRESSIVE;
				GCC_WARN_UNUSED_FUNCTION = YES;
				GCC_WARN_UNUSED_VARIABLE = YES;
				IPHONEOS_DEPLOYMENT_TARGET = 15.5;
				MTL_ENABLE_DEBUG_INFO = NO;
				MTL_FAST_MATH = YES;
				SDKROOT = iphoneos;
				SWIFT_COMPILATION_MODE = wholemodule;
				SWIFT_OPTIMIZATION_LEVEL = "-O";
				VALIDATE_PRODUCT = YES;
			};
			name = Release;
		};
		A20E5C7129DCB69A00BAE938 /* Debug */ = {
			isa = XCBuildConfiguration;
			buildSettings = {
				ASSETCATALOG_COMPILER_APPICON_NAME = AppIcon;
				ASSETCATALOG_COMPILER_GLOBAL_ACCENT_COLOR_NAME = AccentColor;
				CODE_SIGN_STYLE = Automatic;
				CURRENT_PROJECT_VERSION = 1;
				DEVELOPMENT_TEAM = HFHLPZ8VZS;
				GENERATE_INFOPLIST_FILE = YES;
				INFOPLIST_FILE = OpenWeatherAPIs/Info.plist;
				INFOPLIST_KEY_UIApplicationSupportsIndirectInputEvents = YES;
				INFOPLIST_KEY_UILaunchStoryboardName = LaunchScreen;
				INFOPLIST_KEY_UIMainStoryboardFile = Main;
				INFOPLIST_KEY_UISupportedInterfaceOrientations_iPad = "UIInterfaceOrientationPortrait UIInterfaceOrientationPortraitUpsideDown UIInterfaceOrientationLandscapeLeft UIInterfaceOrientationLandscapeRight";
				INFOPLIST_KEY_UISupportedInterfaceOrientations_iPhone = "UIInterfaceOrientationPortrait UIInterfaceOrientationLandscapeLeft UIInterfaceOrientationLandscapeRight";
				LD_RUNPATH_SEARCH_PATHS = (
					"$(inherited)",
					"@executable_path/Frameworks",
				);
				MARKETING_VERSION = 1.0;
				PRODUCT_BUNDLE_IDENTIFIER = com.LinWQqGF87mM.OpenWeatherAPIs;
				PRODUCT_NAME = "$(TARGET_NAME)";
				SWIFT_EMIT_LOC_STRINGS = YES;
				SWIFT_VERSION = 5.0;
				TARGETED_DEVICE_FAMILY = "1,2";
			};
			name = Debug;
		};
		A20E5C7229DCB69A00BAE938 /* Release */ = {
			isa = XCBuildConfiguration;
			buildSettings = {
				ASSETCATALOG_COMPILER_APPICON_NAME = AppIcon;
				ASSETCATALOG_COMPILER_GLOBAL_ACCENT_COLOR_NAME = AccentColor;
				CODE_SIGN_STYLE = Automatic;
				CURRENT_PROJECT_VERSION = 1;
				DEVELOPMENT_TEAM = HFHLPZ8VZS;
				GENERATE_INFOPLIST_FILE = YES;
				INFOPLIST_FILE = OpenWeatherAPIs/Info.plist;
				INFOPLIST_KEY_UIApplicationSupportsIndirectInputEvents = YES;
				INFOPLIST_KEY_UILaunchStoryboardName = LaunchScreen;
				INFOPLIST_KEY_UIMainStoryboardFile = Main;
				INFOPLIST_KEY_UISupportedInterfaceOrientations_iPad = "UIInterfaceOrientationPortrait UIInterfaceOrientationPortraitUpsideDown UIInterfaceOrientationLandscapeLeft UIInterfaceOrientationLandscapeRight";
				INFOPLIST_KEY_UISupportedInterfaceOrientations_iPhone = "UIInterfaceOrientationPortrait UIInterfaceOrientationLandscapeLeft UIInterfaceOrientationLandscapeRight";
				LD_RUNPATH_SEARCH_PATHS = (
					"$(inherited)",
					"@executable_path/Frameworks",
				);
				MARKETING_VERSION = 1.0;
				PRODUCT_BUNDLE_IDENTIFIER = com.LinWQqGF87mM.OpenWeatherAPIs;
				PRODUCT_NAME = "$(TARGET_NAME)";
				SWIFT_EMIT_LOC_STRINGS = YES;
				SWIFT_VERSION = 5.0;
				TARGETED_DEVICE_FAMILY = "1,2";
			};
			name = Release;
		};
		A20E5C7429DCB69A00BAE938 /* Debug */ = {
			isa = XCBuildConfiguration;
			buildSettings = {
				ALWAYS_EMBED_SWIFT_STANDARD_LIBRARIES = YES;
				BUNDLE_LOADER = "$(TEST_HOST)";
				CODE_SIGN_STYLE = Automatic;
				CURRENT_PROJECT_VERSION = 1;
				DEVELOPMENT_TEAM = HFHLPZ8VZS;
				GENERATE_INFOPLIST_FILE = YES;
				IPHONEOS_DEPLOYMENT_TARGET = 15.5;
				MARKETING_VERSION = 1.0;
				PRODUCT_BUNDLE_IDENTIFIER = com.LinWQqGF87mM.OpenWeatherAPIsTests;
				PRODUCT_NAME = "$(TARGET_NAME)";
				SWIFT_EMIT_LOC_STRINGS = NO;
				SWIFT_VERSION = 5.0;
				TARGETED_DEVICE_FAMILY = "1,2";
				TEST_HOST = "$(BUILT_PRODUCTS_DIR)/OpenWeatherAPIs.app/OpenWeatherAPIs";
			};
			name = Debug;
		};
		A20E5C7529DCB69A00BAE938 /* Release */ = {
			isa = XCBuildConfiguration;
			buildSettings = {
				ALWAYS_EMBED_SWIFT_STANDARD_LIBRARIES = YES;
				BUNDLE_LOADER = "$(TEST_HOST)";
				CODE_SIGN_STYLE = Automatic;
				CURRENT_PROJECT_VERSION = 1;
				DEVELOPMENT_TEAM = HFHLPZ8VZS;
				GENERATE_INFOPLIST_FILE = YES;
				IPHONEOS_DEPLOYMENT_TARGET = 15.5;
				MARKETING_VERSION = 1.0;
				PRODUCT_BUNDLE_IDENTIFIER = com.LinWQqGF87mM.OpenWeatherAPIsTests;
				PRODUCT_NAME = "$(TARGET_NAME)";
				SWIFT_EMIT_LOC_STRINGS = NO;
				SWIFT_VERSION = 5.0;
				TARGETED_DEVICE_FAMILY = "1,2";
				TEST_HOST = "$(BUILT_PRODUCTS_DIR)/OpenWeatherAPIs.app/OpenWeatherAPIs";
			};
			name = Release;
		};
		A20E5C7729DCB69A00BAE938 /* Debug */ = {
			isa = XCBuildConfiguration;
			buildSettings = {
				ALWAYS_EMBED_SWIFT_STANDARD_LIBRARIES = YES;
				CODE_SIGN_STYLE = Automatic;
				CURRENT_PROJECT_VERSION = 1;
				DEVELOPMENT_TEAM = HFHLPZ8VZS;
				GENERATE_INFOPLIST_FILE = YES;
				MARKETING_VERSION = 1.0;
				PRODUCT_BUNDLE_IDENTIFIER = com.LinWQqGF87mM.OpenWeatherAPIsUITests;
				PRODUCT_NAME = "$(TARGET_NAME)";
				SWIFT_EMIT_LOC_STRINGS = NO;
				SWIFT_VERSION = 5.0;
				TARGETED_DEVICE_FAMILY = "1,2";
				TEST_TARGET_NAME = OpenWeatherAPIs;
			};
			name = Debug;
		};
		A20E5C7829DCB69A00BAE938 /* Release */ = {
			isa = XCBuildConfiguration;
			buildSettings = {
				ALWAYS_EMBED_SWIFT_STANDARD_LIBRARIES = YES;
				CODE_SIGN_STYLE = Automatic;
				CURRENT_PROJECT_VERSION = 1;
				DEVELOPMENT_TEAM = HFHLPZ8VZS;
				GENERATE_INFOPLIST_FILE = YES;
				MARKETING_VERSION = 1.0;
				PRODUCT_BUNDLE_IDENTIFIER = com.LinWQqGF87mM.OpenWeatherAPIsUITests;
				PRODUCT_NAME = "$(TARGET_NAME)";
				SWIFT_EMIT_LOC_STRINGS = NO;
				SWIFT_VERSION = 5.0;
				TARGETED_DEVICE_FAMILY = "1,2";
				TEST_TARGET_NAME = OpenWeatherAPIs;
			};
			name = Release;
		};
/* End XCBuildConfiguration section */

/* Begin XCConfigurationList section */
		A20E5C3E29DCB67B00BAE938 /* Build configuration list for PBXProject "OpenWeatherAPIs" */ = {
			isa = XCConfigurationList;
			buildConfigurations = (
				A20E5C6E29DCB69A00BAE938 /* Debug */,
				A20E5C6F29DCB69A00BAE938 /* Release */,
			);
			defaultConfigurationIsVisible = 0;
			defaultConfigurationName = Release;
		};
		A20E5C7029DCB69A00BAE938 /* Build configuration list for PBXNativeTarget "OpenWeatherAPIs" */ = {
			isa = XCConfigurationList;
			buildConfigurations = (
				A20E5C7129DCB69A00BAE938 /* Debug */,
				A20E5C7229DCB69A00BAE938 /* Release */,
			);
			defaultConfigurationIsVisible = 0;
			defaultConfigurationName = Release;
		};
		A20E5C7329DCB69A00BAE938 /* Build configuration list for PBXNativeTarget "OpenWeatherAPIsTests" */ = {
			isa = XCConfigurationList;
			buildConfigurations = (
				A20E5C7429DCB69A00BAE938 /* Debug */,
				A20E5C7529DCB69A00BAE938 /* Release */,
			);
			defaultConfigurationIsVisible = 0;
			defaultConfigurationName = Release;
		};
		A20E5C7629DCB69A00BAE938 /* Build configuration list for PBXNativeTarget "OpenWeatherAPIsUITests" */ = {
			isa = XCConfigurationList;
			buildConfigurations = (
				A20E5C7729DCB69A00BAE938 /* Debug */,
				A20E5C7829DCB69A00BAE938 /* Release */,
			);
			defaultConfigurationIsVisible = 0;
			defaultConfigurationName = Release;
		};
/* End XCConfigurationList section */

/* Begin XCVersionGroup section */
		A20E5C4F29DCB67B00BAE938 /* OpenWeatherAPIs.xcdatamodeld */ = {
			isa = XCVersionGroup;
			children = (
				A20E5C5029DCB67B00BAE938 /* OpenWeatherAPIs.xcdatamodel */,
			);
			currentVersion = A20E5C5029DCB67B00BAE938 /* OpenWeatherAPIs.xcdatamodel */;
			path = OpenWeatherAPIs.xcdatamodeld;
			sourceTree = "<group>";
			versionGroupType = wrapper.xcdatamodel;
		};
/* End XCVersionGroup section */
	};
	rootObject = A20E5C3B29DCB67B00BAE938 /* Project object */;
}
